
Microsoft Visual Studio Solution File, Format Version 12.00
# Visual Studio Version 17
VisualStudioVersion = 17.5.002.0
MinimumVisualStudioVersion = 10.0.40219.1
Project("{9A19103F-16F7-4668-BE54-9A1E7A4F7556}") = "WhiteTom.MSTeamsChannelSyncer", "src\WhiteTom.MSTeamsChannelSyncer.csproj", "{597D6A41-5EA3-4EC7-9DB2-9985160580EC}"
EndProject
Project("{2150E333-8FDC-42A3-9474-1A3956D46DE8}") = "tests", "tests", "{1EDAC4ED-3FA1-465B-9939-9E25FDDCEB32}"
EndProject
Project("{FAE04EC0-301F-11D3-BF4B-00C04F79EFBC}") = "WhiteTom.MsTeamsChannelSyncer.Tests.Unit", "tests\WhiteTom.MsTeamsChannelSyncer.Tests.Unit\WhiteTom.MsTeamsChannelSyncer.Tests.Unit.csproj", "{8E2C35D6-11FB-4989-971A-9EDCB29CB927}"
EndProject
Global
	GlobalSection(SolutionConfigurationPlatforms) = preSolution
		Debug|Any CPU = Debug|Any CPU
		Release|Any CPU = Release|Any CPU
	EndGlobalSection
	GlobalSection(ProjectConfigurationPlatforms) = postSolution
		{597D6A41-5EA3-4EC7-9DB2-9985160580EC}.Debug|Any CPU.ActiveCfg = Debug|Any CPU
		{597D6A41-5EA3-4EC7-9DB2-9985160580EC}.Debug|Any CPU.Build.0 = Debug|Any CPU
		{597D6A41-5EA3-4EC7-9DB2-9985160580EC}.Release|Any CPU.ActiveCfg = Release|Any CPU
		{597D6A41-5EA3-4EC7-9DB2-9985160580EC}.Release|Any CPU.Build.0 = Release|Any CPU
		{8E2C35D6-11FB-4989-971A-9EDCB29CB927}.Debug|Any CPU.ActiveCfg = Debug|Any CPU
		{8E2C35D6-11FB-4989-971A-9EDCB29CB927}.Debug|Any CPU.Build.0 = Debug|Any CPU
		{8E2C35D6-11FB-4989-971A-9EDCB29CB927}.Release|Any CPU.ActiveCfg = Release|Any CPU
		{8E2C35D6-11FB-4989-971A-9EDCB29CB927}.Release|Any CPU.Build.0 = Release|Any CPU
	EndGlobalSection
	GlobalSection(SolutionProperties) = preSolution
		HideSolutionNode = FALSE
	EndGlobalSection
	GlobalSection(ExtensibilityGlobals) = postSolution
		SolutionGuid = {D814DAFA-DEC6-43E6-A75D-BFE5515A3EF4}
	EndGlobalSection
	GlobalSection(NestedProjects) = preSolution
		{8E2C35D6-11FB-4989-971A-9EDCB29CB927} = {1EDAC4ED-3FA1-465B-9939-9E25FDDCEB32}
	EndGlobalSection
EndGlobal
